
Microsoft Visual Studio Solution File, Format Version 12.00
# Visual Studio 15
VisualStudioVersion = 15.0.28010.2016
MinimumVisualStudioVersion = 10.0.40219.1
Project("{9A19103F-16F7-4668-BE54-9A1E7A4F7556}") = "StackExchangeWebClient", "StackExchangeWebClient\StackExchangeWebClient.csproj", "{5BD40B5A-C939-45CB-80CA-9CBCAFD5D1D2}"
EndProject
Project("{9A19103F-16F7-4668-BE54-9A1E7A4F7556}") = "StackExchangeApi", "StackExchangeApi\StackExchangeApi.csproj", "{2CA7FCE2-D4C8-4865-8A4D-3402B5178E59}"
EndProject
Global
	GlobalSection(SolutionConfigurationPlatforms) = preSolution
		Debug|Any CPU = Debug|Any CPU
		Release|Any CPU = Release|Any CPU
	EndGlobalSection
	GlobalSection(ProjectConfigurationPlatforms) = postSolution
		{5BD40B5A-C939-45CB-80CA-9CBCAFD5D1D2}.Debug|Any CPU.ActiveCfg = Debug|Any CPU
		{5BD40B5A-C939-45CB-80CA-9CBCAFD5D1D2}.Debug|Any CPU.Build.0 = Debug|Any CPU
		{5BD40B5A-C939-45CB-80CA-9CBCAFD5D1D2}.Release|Any CPU.ActiveCfg = Release|Any CPU
		{5BD40B5A-C939-45CB-80CA-9CBCAFD5D1D2}.Release|Any CPU.Build.0 = Release|Any CPU
		{2CA7FCE2-D4C8-4865-8A4D-3402B5178E59}.Debug|Any CPU.ActiveCfg = Debug|Any CPU
		{2CA7FCE2-D4C8-4865-8A4D-3402B5178E59}.Debug|Any CPU.Build.0 = Debug|Any CPU
		{2CA7FCE2-D4C8-4865-8A4D-3402B5178E59}.Release|Any CPU.ActiveCfg = Release|Any CPU
		{2CA7FCE2-D4C8-4865-8A4D-3402B5178E59}.Release|Any CPU.Build.0 = Release|Any CPU
	EndGlobalSection
	GlobalSection(SolutionProperties) = preSolution
		HideSolutionNode = FALSE
	EndGlobalSection
	GlobalSection(ExtensibilityGlobals) = postSolution
		SolutionGuid = {0DF0A0C4-A520-4EC8-82D8-F9FFFDC036EC}
	EndGlobalSection
EndGlobal
